
Microsoft Visual Studio Solution File, Format Version 12.00
# Visual Studio Version 17
VisualStudioVersion = 17.13.35931.197 d17.13
MinimumVisualStudioVersion = 10.0.40219.1
Project("{FAE04EC0-301F-11D3-BF4B-00C04F79EFBC}") = "Virtual Pet", "Virtual Pet.csproj", "{51E381C6-B0EB-4E90-B598-1FC70526AC80}"
EndProject
Global
	GlobalSection(SolutionConfigurationPlatforms) = preSolution
		Debug|Any CPU = Debug|Any CPU
		Release|Any CPU = Release|Any CPU
	EndGlobalSection
	GlobalSection(ProjectConfigurationPlatforms) = postSolution
		{51E381C6-B0EB-4E90-B598-1FC70526AC80}.Debug|Any CPU.ActiveCfg = Debug|Any CPU
		{51E381C6-B0EB-4E90-B598-1FC70526AC80}.Debug|Any CPU.Build.0 = Debug|Any CPU
		{51E381C6-B0EB-4E90-B598-1FC70526AC80}.Release|Any CPU.ActiveCfg = Release|Any CPU
		{51E381C6-B0EB-4E90-B598-1FC70526AC80}.Release|Any CPU.Build.0 = Release|Any CPU
	EndGlobalSection
	GlobalSection(SolutionProperties) = preSolution
		HideSolutionNode = FALSE
	EndGlobalSection
	GlobalSection(ExtensibilityGlobals) = postSolution
		SolutionGuid = {C6018975-8B27-4ECA-96F3-164B8D7C8354}
	EndGlobalSection
EndGlobal
